<?xml version="1.0" encoding="utf-8"?>
<Project ToolsVersion="4.0" xmlns="http://schemas.microsoft.com/developer/msbuild/2003">
  <ItemGroup>
    <Filter Include="Source Files">
      <UniqueIdentifier>{4FC737F1-C7A5-4376-A066-2A32D752A2FF}</UniqueIdentifier>
      <Extensions>cpp;c;cc;cxx;def;odl;idl;hpj;bat;asm;asmx</Extensions>
    </Filter>
    <Filter Include="Header Files">
      <UniqueIdentifier>{93995380-89BD-4b04-88EB-625FBE52EBFB}</UniqueIdentifier>
      <Extensions>h;hh;hpp;hxx;hm;inl;inc;xsd</Extensions>
    </Filter>
    <Filter Include="Resource Files">
      <UniqueIdentifier>{67DA6AB6-F800-4c08-8B7A-83BB121AAD01}</UniqueIdentifier>
      <Extensions>rc;ico;cur;bmp;dlg;rc2;rct;bin;rgs;gif;jpg;jpeg;jpe;resx;tiff;tif;png;wav;mfcribbon-ms</Extensions>
    </Filter>
    <Filter Include="Source Files\model">
      <UniqueIdentifier>{4c3c5eb8-eca9-49d2-8a30-4b931e76eb17}</UniqueIdentifier>
    </Filter>
    <Filter Include="Source Files\view">
      <UniqueIdentifier>{81bf87e4-c868-442d-8a3c-f6914878319b}</UniqueIdentifier>
    </Filter>
    <Filter Include="Source Files\controller">
      <UniqueIdentifier>{33aa149e-27b5-4f67-8132-1d3201b2cb5d}</UniqueIdentifier>
    </Filter>
    <Filter Include="Source Files\utility">
      <UniqueIdentifier>{11a2413c-653c-4a37-a3ea-e120886d6dc6}</UniqueIdentifier>
    </Filter>
    <Filter Include="Header Files\model">
      <UniqueIdentifier>{5cd27983-3514-47d9-ab47-8ea0aea995fa}</UniqueIdentifier>
    </Filter>
    <Filter Include="Header Files\view">
      <UniqueIdentifier>{1a36525a-ff3b-430c-b235-b8574bef18fa}</UniqueIdentifier>
    </Filter>
    <Filter Include="Header Files\controller">
      <UniqueIdentifier>{c437cec6-00c7-4411-8694-b5f1b190a7f9}</UniqueIdentifier>
    </Filter>
    <Filter Include="Header Files\utility">
      <UniqueIdentifier>{fe176ebc-fdb6-45dd-b606-4409061ddb7e}</UniqueIdentifier>
    </Filter>
  </ItemGroup>
  <ItemGroup>
    <Text Include="ReadMe.txt" />
  </ItemGroup>
  <ItemGroup>
    <ClCompile Include="main.cpp">
      <Filter>Source Files</Filter>
    </ClCompile>
    <ClCompile Include="bullet.cpp">
      <Filter>Source Files\model</Filter>
    </ClCompile>
    <ClCompile Include="entity.cpp">
      <Filter>Source Files\model</Filter>
    </ClCompile>
    <ClCompile Include="game.cpp">
      <Filter>Source Files\model</Filter>
    </ClCompile>
    <ClCompile Include="invader.cpp">
      <Filter>Source Files\model</Filter>
    </ClCompile>
    <ClCompile Include="player.cpp">
      <Filter>Source Files\model</Filter>
    </ClCompile>
    <ClCompile Include="controller.cpp">
      <Filter>Source Files\controller</Filter>
    </ClCompile>
    <ClCompile Include="game-view.cpp">
      <Filter>Source Files\view</Filter>
    </ClCompile>
    <ClCompile Include="scene.cpp">
      <Filter>Source Files\model</Filter>
    </ClCompile>
    <ClCompile Include="random.cpp">
      <Filter>Source Files\utility</Filter>
    </ClCompile>
    <ClCompile Include="timing.cpp">
      <Filter>Source Files\utility</Filter>
    </ClCompile>
    <ClCompile Include="shield.cpp">
      <Filter>Source Files\model</Filter>
    </ClCompile>
    <ClCompile Include="title-screen.cpp">
      <Filter>Source Files\model</Filter>
    </ClCompile>
    <ClCompile Include="read-level.cpp">
      <Filter>Source Files\utility</Filter>
    </ClCompile>
    <ClCompile Include="particle.cpp">
      <Filter>Source Files\view</Filter>
    </ClCompile>
    <ClCompile Include="popup.cpp">
      <Filter>Source Files\model</Filter>
    </ClCompile>
    <ClCompile Include="logging.cpp">
      <Filter>Source Files\utility</Filter>
    </ClCompile>
  </ItemGroup>
  <ItemGroup>
    <ClInclude Include="bullet.h">
      <Filter>Header Files\model</Filter>
    </ClInclude>
    <ClInclude Include="entity.h">
      <Filter>Header Files\model</Filter>
    </ClInclude>
    <ClInclude Include="constants.h">
      <Filter>Header Files\utility</Filter>
    </ClInclude>
    <ClInclude Include="controller.h">
      <Filter>Header Files\controller</Filter>
    </ClInclude>
    <ClInclude Include="game.h">
      <Filter>Header Files\model</Filter>
    </ClInclude>
    <ClInclude Include="observer.h">
      <Filter>Header Files\utility</Filter>
    </ClInclude>
    <ClInclude Include="game-view.h">
      <Filter>Header Files\view</Filter>
    </ClInclude>
    <ClInclude Include="invader.h">
      <Filter>Header Files\model</Filter>
    </ClInclude>
    <ClInclude Include="key-event.h">
      <Filter>Header Files\utility</Filter>
    </ClInclude>
    <ClInclude Include="message.h">
      <Filter>Header Files\utility</Filter>
    </ClInclude>
    <ClInclude Include="particle.h">
      <Filter>Header Files\view</Filter>
    </ClInclude>
    <ClInclude Include="player.h">
      <Filter>Header Files\model</Filter>
    </ClInclude>
    <ClInclude Include="random.h">
      <Filter>Header Files\utility</Filter>
    </ClInclude>
    <ClInclude Include="timing.h">
      <Filter>Header Files\utility</Filter>
    </ClInclude>
    <ClInclude Include="scene.h">
      <Filter>Header Files\model</Filter>
    </ClInclude>
    <ClInclude Include="shield.h">
      <Filter>Header Files\model</Filter>
    </ClInclude>
    <ClInclude Include="title-screen.h">
      <Filter>Header Files\model</Filter>
    </ClInclude>
    <ClInclude Include="title-screen-option.h">
      <Filter>Header Files\utility</Filter>
    </ClInclude>
    <ClInclude Include="read-level.h">
      <Filter>Header Files\utility</Filter>
    </ClInclude>
    <ClInclude Include="logging.h">
      <Filter>Header Files\utility</Filter>
    </ClInclude>
    <ClInclude Include="popup.h">
      <Filter>Header Files\model</Filter>
    </ClInclude>
    <ClInclude Include="optional.h">
      <Filter>Header Files\utility</Filter>
    </ClInclude>
  </ItemGroup>
</Project>